
Microsoft Visual Studio Solution File, Format Version 12.00
# Visual Studio Version 17
VisualStudioVersion = 17.0.31903.59
MinimumVisualStudioVersion = 10.0.40219.1
Project("{9A19103F-16F7-4668-BE54-9A1E7A4F7556}") = "KimaiHelper", "KimaiHelper.csproj", "{D293C954-D6E4-4450-8CB6-BD58DE2E8327}"
EndProject
Project("{FAE04EC0-301F-11D3-BF4B-00C04F79EFBC}") = "TestForm", "..\TestForm\TestForm.csproj", "{A7F93703-07E5-4595-80DB-8795B43F2108}"
EndProject
Global
	GlobalSection(SolutionConfigurationPlatforms) = preSolution
		Debug|Any CPU = Debug|Any CPU
		Release|Any CPU = Release|Any CPU
	EndGlobalSection
	GlobalSection(ProjectConfigurationPlatforms) = postSolution
		{D293C954-D6E4-4450-8CB6-BD58DE2E8327}.Debug|Any CPU.ActiveCfg = Debug|Any CPU
		{D293C954-D6E4-4450-8CB6-BD58DE2E8327}.Debug|Any CPU.Build.0 = Debug|Any CPU
		{D293C954-D6E4-4450-8CB6-BD58DE2E8327}.Release|Any CPU.ActiveCfg = Release|Any CPU
		{D293C954-D6E4-4450-8CB6-BD58DE2E8327}.Release|Any CPU.Build.0 = Release|Any CPU
		{A7F93703-07E5-4595-80DB-8795B43F2108}.Debug|Any CPU.ActiveCfg = Debug|Any CPU
		{A7F93703-07E5-4595-80DB-8795B43F2108}.Debug|Any CPU.Build.0 = Debug|Any CPU
		{A7F93703-07E5-4595-80DB-8795B43F2108}.Release|Any CPU.ActiveCfg = Release|Any CPU
		{A7F93703-07E5-4595-80DB-8795B43F2108}.Release|Any CPU.Build.0 = Release|Any CPU
	EndGlobalSection
	GlobalSection(SolutionProperties) = preSolution
		HideSolutionNode = FALSE
	EndGlobalSection
	GlobalSection(ExtensibilityGlobals) = postSolution
		SolutionGuid = {5B088E96-C37C-4AC8-BC73-23136F905A1B}
	EndGlobalSection
EndGlobal
